
Microsoft Visual Studio Solution File, Format Version 12.00
# Visual Studio Version 17
VisualStudioVersion = 17.5.33414.496
MinimumVisualStudioVersion = 10.0.40219.1
Project("{FAE04EC0-301F-11D3-BF4B-00C04F79EFBC}") = "CribbageLibrary", "CribbageLibrary.csproj", "{53A6029B-0C62-49F6-97E5-AD30EFDF3835}"
EndProject
Project("{FAE04EC0-301F-11D3-BF4B-00C04F79EFBC}") = "CribbageConsole", "..\CribbageConsole\CribbageConsole.csproj", "{BA8DE72A-6ACF-4AFF-8F73-69FD8FCE3A31}"
EndProject
Project("{FAE04EC0-301F-11D3-BF4B-00C04F79EFBC}") = "CribbageService", "..\CribbageService\CribbageService.csproj", "{583662AF-45E8-463C-86D2-A03E1859AED2}"
EndProject
Global
	GlobalSection(SolutionConfigurationPlatforms) = preSolution
		Debug|Any CPU = Debug|Any CPU
		Release|Any CPU = Release|Any CPU
	EndGlobalSection
	GlobalSection(ProjectConfigurationPlatforms) = postSolution
		{53A6029B-0C62-49F6-97E5-AD30EFDF3835}.Debug|Any CPU.ActiveCfg = Debug|Any CPU
		{53A6029B-0C62-49F6-97E5-AD30EFDF3835}.Debug|Any CPU.Build.0 = Debug|Any CPU
		{53A6029B-0C62-49F6-97E5-AD30EFDF3835}.Release|Any CPU.ActiveCfg = Release|Any CPU
		{53A6029B-0C62-49F6-97E5-AD30EFDF3835}.Release|Any CPU.Build.0 = Release|Any CPU
		{BA8DE72A-6ACF-4AFF-8F73-69FD8FCE3A31}.Debug|Any CPU.ActiveCfg = Debug|Any CPU
		{BA8DE72A-6ACF-4AFF-8F73-69FD8FCE3A31}.Debug|Any CPU.Build.0 = Debug|Any CPU
		{BA8DE72A-6ACF-4AFF-8F73-69FD8FCE3A31}.Release|Any CPU.ActiveCfg = Release|Any CPU
		{BA8DE72A-6ACF-4AFF-8F73-69FD8FCE3A31}.Release|Any CPU.Build.0 = Release|Any CPU
		{583662AF-45E8-463C-86D2-A03E1859AED2}.Debug|Any CPU.ActiveCfg = Debug|Any CPU
		{583662AF-45E8-463C-86D2-A03E1859AED2}.Debug|Any CPU.Build.0 = Debug|Any CPU
		{583662AF-45E8-463C-86D2-A03E1859AED2}.Release|Any CPU.ActiveCfg = Release|Any CPU
		{583662AF-45E8-463C-86D2-A03E1859AED2}.Release|Any CPU.Build.0 = Release|Any CPU
	EndGlobalSection
	GlobalSection(SolutionProperties) = preSolution
		HideSolutionNode = FALSE
	EndGlobalSection
	GlobalSection(ExtensibilityGlobals) = postSolution
		SolutionGuid = {0019341D-1391-4D2B-9C3A-6403ABA1A5A7}
	EndGlobalSection
EndGlobal
